
Microsoft Visual Studio Solution File, Format Version 12.00
# Visual Studio Version 16
VisualStudioVersion = 16.0.30503.244
MinimumVisualStudioVersion = 10.0.40219.1
Project("{FAE04EC0-301F-11D3-BF4B-00C04F79EFBC}") = "Tienda-WebForms", "Tienda\Tienda-WebForms.csproj", "{F78E7EC9-5BB6-4349-B97E-6FD2B0542F84}"
EndProject
Project("{2150E333-8FDC-42A3-9474-1A3956D46DE8}") = "5.-Presentacion", "5.-Presentacion", "{F5C8B357-46C4-4788-A2D7-1CDA109ED360}"
EndProject
Project("{2150E333-8FDC-42A3-9474-1A3956D46DE8}") = "1.-ConexionBD", "1.-ConexionBD", "{D4A7F4BC-E44C-4F36-BF80-2E4B6C492EA1}"
EndProject
Project("{9A19103F-16F7-4668-BE54-9A1E7A4F7556}") = "ConexionBD", "ConexionVD\ConexionBD.csproj", "{27BADBFF-A8EA-4B77-B846-0BA23F0DCD37}"
EndProject
Project("{2150E333-8FDC-42A3-9474-1A3956D46DE8}") = "3.-Procedures", "3.-Procedures", "{164BBA55-EE6A-46FD-BDD3-231B1C33679C}"
EndProject
Project("{9A19103F-16F7-4668-BE54-9A1E7A4F7556}") = "SotoredProcedures", "SotoredProcedures\SotoredProcedures.csproj", "{2AAAF1DA-CD7A-4578-86E4-252C366FD996}"
EndProject
Project("{2150E333-8FDC-42A3-9474-1A3956D46DE8}") = "2.-EntidadesStandard", "2.-EntidadesStandard", "{96049175-669B-4E5E-AEEA-AE60C1DC007A}"
EndProject
Project("{9A19103F-16F7-4668-BE54-9A1E7A4F7556}") = "Entidades", "Entidades\Entidades.csproj", "{761B6A9A-1B0B-4DFF-8B17-E3F1E1438F94}"
EndProject
Project("{2150E333-8FDC-42A3-9474-1A3956D46DE8}") = "4.-NegocioLogica", "4.-NegocioLogica", "{DD8E20A0-227E-4AD1-86CF-445B6299B4AA}"
EndProject
Project("{9A19103F-16F7-4668-BE54-9A1E7A4F7556}") = "LogicaDeNegocio", "LogicaDeNegocio\LogicaDeNegocio.csproj", "{34DDAA51-4C39-41C6-B02C-72F7F544A285}"
EndProject
Project("{2150E333-8FDC-42A3-9474-1A3956D46DE8}") = "6.-ZG_WebApi", "6.-ZG_WebApi", "{74CF578A-579E-4453-BAE6-56D7E5437C76}"
EndProject
Project("{FAE04EC0-301F-11D3-BF4B-00C04F79EFBC}") = "WebApi", "WebApi\WebApi.csproj", "{06B55A43-2E62-4DF2-A1E2-A44A1A959876}"
EndProject
Global
	GlobalSection(SolutionConfigurationPlatforms) = preSolution
		Debug|Any CPU = Debug|Any CPU
		Release|Any CPU = Release|Any CPU
	EndGlobalSection
	GlobalSection(ProjectConfigurationPlatforms) = postSolution
		{F78E7EC9-5BB6-4349-B97E-6FD2B0542F84}.Debug|Any CPU.ActiveCfg = Debug|Any CPU
		{F78E7EC9-5BB6-4349-B97E-6FD2B0542F84}.Debug|Any CPU.Build.0 = Debug|Any CPU
		{F78E7EC9-5BB6-4349-B97E-6FD2B0542F84}.Release|Any CPU.ActiveCfg = Release|Any CPU
		{F78E7EC9-5BB6-4349-B97E-6FD2B0542F84}.Release|Any CPU.Build.0 = Release|Any CPU
		{27BADBFF-A8EA-4B77-B846-0BA23F0DCD37}.Debug|Any CPU.ActiveCfg = Debug|Any CPU
		{27BADBFF-A8EA-4B77-B846-0BA23F0DCD37}.Debug|Any CPU.Build.0 = Debug|Any CPU
		{27BADBFF-A8EA-4B77-B846-0BA23F0DCD37}.Release|Any CPU.ActiveCfg = Release|Any CPU
		{27BADBFF-A8EA-4B77-B846-0BA23F0DCD37}.Release|Any CPU.Build.0 = Release|Any CPU
		{2AAAF1DA-CD7A-4578-86E4-252C366FD996}.Debug|Any CPU.ActiveCfg = Debug|Any CPU
		{2AAAF1DA-CD7A-4578-86E4-252C366FD996}.Debug|Any CPU.Build.0 = Debug|Any CPU
		{2AAAF1DA-CD7A-4578-86E4-252C366FD996}.Release|Any CPU.ActiveCfg = Release|Any CPU
		{2AAAF1DA-CD7A-4578-86E4-252C366FD996}.Release|Any CPU.Build.0 = Release|Any CPU
		{761B6A9A-1B0B-4DFF-8B17-E3F1E1438F94}.Debug|Any CPU.ActiveCfg = Debug|Any CPU
		{761B6A9A-1B0B-4DFF-8B17-E3F1E1438F94}.Debug|Any CPU.Build.0 = Debug|Any CPU
		{761B6A9A-1B0B-4DFF-8B17-E3F1E1438F94}.Release|Any CPU.ActiveCfg = Release|Any CPU
		{761B6A9A-1B0B-4DFF-8B17-E3F1E1438F94}.Release|Any CPU.Build.0 = Release|Any CPU
		{34DDAA51-4C39-41C6-B02C-72F7F544A285}.Debug|Any CPU.ActiveCfg = Debug|Any CPU
		{34DDAA51-4C39-41C6-B02C-72F7F544A285}.Debug|Any CPU.Build.0 = Debug|Any CPU
		{34DDAA51-4C39-41C6-B02C-72F7F544A285}.Release|Any CPU.ActiveCfg = Release|Any CPU
		{34DDAA51-4C39-41C6-B02C-72F7F544A285}.Release|Any CPU.Build.0 = Release|Any CPU
		{06B55A43-2E62-4DF2-A1E2-A44A1A959876}.Debug|Any CPU.ActiveCfg = Debug|Any CPU
		{06B55A43-2E62-4DF2-A1E2-A44A1A959876}.Debug|Any CPU.Build.0 = Debug|Any CPU
		{06B55A43-2E62-4DF2-A1E2-A44A1A959876}.Release|Any CPU.ActiveCfg = Release|Any CPU
		{06B55A43-2E62-4DF2-A1E2-A44A1A959876}.Release|Any CPU.Build.0 = Release|Any CPU
	EndGlobalSection
	GlobalSection(SolutionProperties) = preSolution
		HideSolutionNode = FALSE
	EndGlobalSection
	GlobalSection(NestedProjects) = preSolution
		{F78E7EC9-5BB6-4349-B97E-6FD2B0542F84} = {F5C8B357-46C4-4788-A2D7-1CDA109ED360}
		{27BADBFF-A8EA-4B77-B846-0BA23F0DCD37} = {D4A7F4BC-E44C-4F36-BF80-2E4B6C492EA1}
		{2AAAF1DA-CD7A-4578-86E4-252C366FD996} = {164BBA55-EE6A-46FD-BDD3-231B1C33679C}
		{761B6A9A-1B0B-4DFF-8B17-E3F1E1438F94} = {96049175-669B-4E5E-AEEA-AE60C1DC007A}
		{34DDAA51-4C39-41C6-B02C-72F7F544A285} = {DD8E20A0-227E-4AD1-86CF-445B6299B4AA}
		{06B55A43-2E62-4DF2-A1E2-A44A1A959876} = {74CF578A-579E-4453-BAE6-56D7E5437C76}
	EndGlobalSection
	GlobalSection(ExtensibilityGlobals) = postSolution
		SolutionGuid = {B2E3B895-8209-491F-B02A-5979424039A6}
	EndGlobalSection
EndGlobal
